
Microsoft Visual Studio Solution File, Format Version 12.00
# Visual Studio Version 16
VisualStudioVersion = 16.0.29911.84
MinimumVisualStudioVersion = 10.0.40219.1
Project("{FAE04EC0-301F-11D3-BF4B-00C04F79EFBC}") = "Evaluacion2NET", "Evaluacion2NET.csproj", "{240D6D5F-49B2-44EA-A2C8-D97F062CD32A}"
EndProject
Global
	GlobalSection(SolutionConfigurationPlatforms) = preSolution
		Debug|Any CPU = Debug|Any CPU
		Release|Any CPU = Release|Any CPU
	EndGlobalSection
	GlobalSection(ProjectConfigurationPlatforms) = postSolution
		{240D6D5F-49B2-44EA-A2C8-D97F062CD32A}.Debug|Any CPU.ActiveCfg = Debug|Any CPU
		{240D6D5F-49B2-44EA-A2C8-D97F062CD32A}.Debug|Any CPU.Build.0 = Debug|Any CPU
		{240D6D5F-49B2-44EA-A2C8-D97F062CD32A}.Release|Any CPU.ActiveCfg = Release|Any CPU
		{240D6D5F-49B2-44EA-A2C8-D97F062CD32A}.Release|Any CPU.Build.0 = Release|Any CPU
	EndGlobalSection
	GlobalSection(SolutionProperties) = preSolution
		HideSolutionNode = FALSE
	EndGlobalSection
	GlobalSection(ExtensibilityGlobals) = postSolution
		SolutionGuid = {658CB498-D02C-4FB9-9EF7-EB8DF2FA8BE2}
	EndGlobalSection
EndGlobal
